
Microsoft Visual Studio Solution File, Format Version 12.00
# Visual Studio Version 17
VisualStudioVersion = 17.10.35013.160
MinimumVisualStudioVersion = 10.0.40219.1
Project("{8BC9CEB8-8B4A-11D0-8D11-00A0C91BC942}") = "OpenGLProject", "OpenGLProject.vcxproj", "{86240375-1D38-4464-9AF6-1CD689231A85}"
EndProject
Global
	GlobalSection(SolutionConfigurationPlatforms) = preSolution
		Debug|x64 = Debug|x64
		Debug|x86 = Debug|x86
		Release|x64 = Release|x64
		Release|x86 = Release|x86
	EndGlobalSection
	GlobalSection(ProjectConfigurationPlatforms) = postSolution
		{86240375-1D38-4464-9AF6-1CD689231A85}.Debug|x64.ActiveCfg = Debug|x64
		{86240375-1D38-4464-9AF6-1CD689231A85}.Debug|x64.Build.0 = Debug|x64
		{86240375-1D38-4464-9AF6-1CD689231A85}.Debug|x86.ActiveCfg = Debug|Win32
		{86240375-1D38-4464-9AF6-1CD689231A85}.Debug|x86.Build.0 = Debug|Win32
		{86240375-1D38-4464-9AF6-1CD689231A85}.Release|x64.ActiveCfg = Release|x64
		{86240375-1D38-4464-9AF6-1CD689231A85}.Release|x64.Build.0 = Release|x64
		{86240375-1D38-4464-9AF6-1CD689231A85}.Release|x86.ActiveCfg = Release|Win32
		{86240375-1D38-4464-9AF6-1CD689231A85}.Release|x86.Build.0 = Release|Win32
	EndGlobalSection
	GlobalSection(SolutionProperties) = preSolution
		HideSolutionNode = FALSE
	EndGlobalSection
	GlobalSection(ExtensibilityGlobals) = postSolution
		SolutionGuid = {CC88198B-619E-4470-AFF1-9FF5A1C218CB}
	EndGlobalSection
EndGlobal
